{
	"name": "bash-guard",
	"lockfileVersion": 3,
	"requires": true,
	"packages": {
		"": {
			"dependencies": {
				"unbash": "^5.0.0"
			}
		},
		"node_modules/unbash": {
			"version": "5.0.0",
			"resolved": "https://registry.npmjs.org/unbash/-/unbash-5.0.0.tgz",
			"integrity": "sha512-RYNm/ISFtflWpIcXTPHHLJZ0mqzInav+L9ke9PcL+hHsSf9+Fd/syPb614Mlqs/O3AYgjnvxDOFl0a+zVqi1/w==",
			"license": "ISC",
			"engines": {
				"node": ">=14"
			}
		}
	}
}
